
Microsoft Visual Studio Solution File, Format Version 12.00
# Visual Studio Version 16
VisualStudioVersion = 16.0.29911.84
MinimumVisualStudioVersion = 10.0.40219.1
Project("{9A19103F-16F7-4668-BE54-9A1E7A4F7556}") = "ImageClassificationDemo", "ImageClassificationDemo\ImageClassificationDemo.csproj", "{3435DF56-E627-4419-9CF1-CD6843B596B3}"
EndProject
Project("{9A19103F-16F7-4668-BE54-9A1E7A4F7556}") = "TransferLearningTF", "TransferLearningTF\TransferLearningTF.csproj", "{38BAFE4B-6D75-4E6D-92D6-A918F7AC5743}"
EndProject
Global
	GlobalSection(SolutionConfigurationPlatforms) = preSolution
		Debug|Any CPU = Debug|Any CPU
		Release|Any CPU = Release|Any CPU
	EndGlobalSection
	GlobalSection(ProjectConfigurationPlatforms) = postSolution
		{3435DF56-E627-4419-9CF1-CD6843B596B3}.Debug|Any CPU.ActiveCfg = Debug|Any CPU
		{3435DF56-E627-4419-9CF1-CD6843B596B3}.Debug|Any CPU.Build.0 = Debug|Any CPU
		{3435DF56-E627-4419-9CF1-CD6843B596B3}.Release|Any CPU.ActiveCfg = Release|Any CPU
		{3435DF56-E627-4419-9CF1-CD6843B596B3}.Release|Any CPU.Build.0 = Release|Any CPU
		{38BAFE4B-6D75-4E6D-92D6-A918F7AC5743}.Debug|Any CPU.ActiveCfg = Debug|Any CPU
		{38BAFE4B-6D75-4E6D-92D6-A918F7AC5743}.Debug|Any CPU.Build.0 = Debug|Any CPU
		{38BAFE4B-6D75-4E6D-92D6-A918F7AC5743}.Release|Any CPU.ActiveCfg = Release|Any CPU
		{38BAFE4B-6D75-4E6D-92D6-A918F7AC5743}.Release|Any CPU.Build.0 = Release|Any CPU
	EndGlobalSection
	GlobalSection(SolutionProperties) = preSolution
		HideSolutionNode = FALSE
	EndGlobalSection
	GlobalSection(ExtensibilityGlobals) = postSolution
		SolutionGuid = {0E2BD797-752B-4518-A13B-707408E53D78}
	EndGlobalSection
EndGlobal
